payload:
  - '+.2ip.ru'
  - '+.api-ipv4.ip.sb'
  - '+.api-ipv6.ip.sb'
  - '+.api.beacondb.net'
  - '+.api.ipapi.is'
  - '+.api.ipify.org'
  - '+.cdnst.net'
  - '+.cellmaps.com'
  - '+.checkip.amazonaws.com'
  - '+.ekahau.cloud'
  - '+.ekahau.com'
  - '+.fast.com'
  - '+.fastspeedtest.com'
  - '+.hk-global-bgp.hkg.speedtest.yecaoyun.com'
  - '+.ifconfig.me'
  - '+.ipinfo.io'
  - '+.ipv4-internet.yandex.net'
  - '+.ipv4.ifconfig.me'
  - '+.ipv6-internet.yandex.net'
  - '+.ipv6.ifconfig.me'
  - '+.linkmeter.net'
  - '+.measurementlab.net'
  - '+.meter.net'
  - '+.nperf.com'
  - '+.ookla.com'
  - '+.ooklaserver.net'
  - '+.open.cachefly.net'
  - '+.openspeedtest.com'
  - '+.openspeedtest.ru'
  - '+.pingtest.net'
  - '+.regexp:^speed\.(coe|open)\.ad\.[a-z]{2,6}\.prod\.hosts\.ooklaserver\.net$'
  - '+.speed.cloudflare.com'
  - '+.speed.dler.io'
  - '+.speed.ee'
  - '+.speed.hinet.net'
  - '+.speed.nccu.edu.tw'
  - '+.speed.neu6.edu'
  - '+.speed.nju.edu'
  - '+.speed.nuaa.edu'
  - '+.speed.qlu.edu'
  - '+.speed.ujs.edu'
  - '+.speed2.hinet.net'
  - '+.speed5.ntu.edu.tw'
  - '+.speed6.ujs.edu'
  - '+.speedcheck.org'
  - '+.speedgeo.net'
  - '+.speedof.me'
  - '+.speedtest.cesnet.cz'
  - '+.speedtest.ch'
  - '+.speedtest.citylink.pro'
  - '+.speedtest.co'
  - '+.speedtest.co.za'
  - '+.speedtest.de'
  - '+.speedtest.dno-it.ru'
  - '+.speedtest.frontier.com'
  - '+.speedtest.im'
  - '+.speedtest.mail.ru'
  - '+.speedtest.mfcyun.com'
  - '+.speedtest.net'
  - '+.speedtest.net.in'
  - '+.speedtest.net.ua'
  - '+.speedtest.net.uk'
  - '+.speedtest.org'
  - '+.speedtest.rt.ru'
  - '+.speedtest.ru'
  - '+.speedtest.shaw.ca'
  - '+.speedtest.shu.edu'
  - '+.speedtest.su'
  - '+.speedtest.uz'
  - '+.speedtest.volia.com'
  - '+.speedtest.xaut.edu'
  - '+.speedtest.xfinity.com'
  - '+.speedtest.xyz'
  - '+.speedtest24.ru'
  - '+.speedtest6.shu.edu'
  - '+.speedtestcustom.com'
  - '+.telega.info'
  - '+.telega.me'
  - '+.test.nju.edu'
  - '+.test.ustc.edu'
  - '+.test6.nju.edu'
  - '+.test6.ustc.edu'
  - '+.testmy.net'
  - '+.testmyspeed.com'
  - '+.testskorosti.ru'
  - '+.webtest.net'
  - '+.whatismyip.com'
  - '+.www.iplocate.io'
  - '+.www.speedtest.net.cdn.cloudflare.net'
  - '+.xnfz.seu.edu'
