payload:
  - '+.2ip.io'
  - '+.2ip.ru'
  - '+.2ip.ua'
  - '+.51degrees.com'
  - '+.abstractapi.com'
  - '+.api-ipv4.ip.sb'
  - '+.api-ipv6.ip.sb'
  - '+.api.beacondb.net'
  - '+.api.ipapi.is'
  - '+.api.ipify.org'
  - '+.apiip.net'
  - '+.apivoid.com'
  - '+.bigdatacloud.net'
  - '+.cdnst.net'
  - '+.cellmaps.com'
  - '+.check-host.net'
  - '+.checkip.amazonaws.com'
  - '+.checkip.dyn.com'
  - '+.checkip.dyndns.org'
  - '+.checkip.org'
  - '+.checkip.ru'
  - '+.country.is'
  - '+.curlmyip.net'
  - '+.dadata.ru'
  - '+.db-ip.com'
  - '+.ekahau.cloud'
  - '+.ekahau.com'
  - '+.extreme-ip-lookup.com'
  - '+.fast.com'
  - '+.fastspeedtest.com'
  - '+.find-my-ip.com'
  - '+.find-my-ip.net'
  - '+.findip.net'
  - '+.flagfox.net'
  - '+.fraudguard.io'
  - '+.fraudlogix.com'
  - '+.freegeoip.app'
  - '+.freeipapi.com'
  - '+.geodatatool.com'
  - '+.geoip.noc.gov.ru'
  - '+.geojs.io'
  - '+.geolocation-db.com'
  - '+.geoplugin.com'
  - '+.geoplugin.net'
  - '+.getipintel.net'
  - '+.greip.io'
  - '+.hackertarget.com'
  - '+.hk-global-bgp.hkg.speedtest.yecaoyun.com'
  - '+.httpbin.org'
  - '+.icanhazip.com'
  - '+.ident.me'
  - '+.ifconfig.co'
  - '+.ifconfig.es'
  - '+.ifconfig.io'
  - '+.ifconfig.me'
  - '+.ip-adress.com'
  - '+.ip-api.com'
  - '+.ip-api.io'
  - '+.ip-api.ru'
  - '+.ip-check.info'
  - '+.ip-score.com'
  - '+.ip.comss.net'
  - '+.ip.hetzner.com'
  - '+.ip.mail.ru'
  - '+.ip.me'
  - '+.ip.nic.ru'
  - '+.ip.pe.kr'
  - '+.ip.sb'
  - '+.ip.tyk.nu'
  - '+.ip2c.org'
  - '+.ip2location.com'
  - '+.ip2location.io'
  - '+.ip2ruscity.com'
  - '+.ip4.me'
  - '+.ip6.me'
  - '+.ip6only.me'
  - '+.ip8.com'
  - '+.ipaddr.site'
  - '+.ipaddress.com'
  - '+.ipaddress.my'
  - '+.ipaddress.sh'
  - '+.ipapi.co'
  - '+.ipapi.com'
  - '+.ipapi.is'
  - '+.ipbase.com'
  - '+.ipcalf.com'
  - '+.ipchicken.com'
  - '+.ipdata.co'
  - '+.ipecho.net'
  - '+.ipfind.io'
  - '+.ipfinder.io'
  - '+.ipgeo.vercel.app'
  - '+.ipgeolocation.io'
  - '+.ipify.org'
  - '+.ipinfo.io'
  - '+.ipip.net'
  - '+.iplark.com'
  - '+.ipleak.net'
  - '+.ipligence.com'
  - '+.iplocate.io'
  - '+.iplocation.com'
  - '+.iplocation.io'
  - '+.iplocation.net'
  - '+.ipqualityscore.com'
  - '+.ipquery.io'
  - '+.ipregistry.co'
  - '+.iproyal.com'
  - '+.ipstack.com'
  - '+.ipv4-internet.yandex.net'
  - '+.ipv4.ifconfig.me'
  - '+.ipv6-internet.yandex.net'
  - '+.ipv6.ifconfig.me'
  - '+.ipverify.com'
  - '+.ipwho.is'
  - '+.ipwhois.io'
  - '+.ipxapi.com'
  - '+.l2.io'
  - '+.linkmeter.net'
  - '+.maxmind.com'
  - '+.measurementlab.net'
  - '+.meter.net'
  - '+.mon-ip.com'
  - '+.monip.org'
  - '+.my-ip.io'
  - '+.my.ipinfo.app'
  - '+.myexternalip.com'
  - '+.myip.com'
  - '+.myip.expert'
  - '+.myip.la'
  - '+.myip.ms'
  - '+.myip.ru'
  - '+.myip.wtf'
  - '+.myipaddress.com'
  - '+.myiplookup.com'
  - '+.mylocation.org'
  - '+.nodedata.io'
  - '+.nperf.com'
  - '+.ookla.com'
  - '+.ooklaserver.net'
  - '+.open.cachefly.net'
  - '+.openspeedtest.com'
  - '+.openspeedtest.ru'
  - '+.osint.sh'
  - '+.pingtest.net'
  - '+.proxycheck.io'
  - '+.realip.cc'
  - '+.regexp:^speed\.(coe|open)\.ad\.[a-z]{2,6}\.prod\.hosts\.ooklaserver\.net$'
  - '+.seeip.org'
  - '+.showip.net'
  - '+.showmyip.com'
  - '+.showmyipaddress.com'
  - '+.speed.cloudflare.com'
  - '+.speed.dler.io'
  - '+.speed.ee'
  - '+.speed.hinet.net'
  - '+.speed.nccu.edu.tw'
  - '+.speed.neu6.edu'
  - '+.speed.nju.edu'
  - '+.speed.nuaa.edu'
  - '+.speed.qlu.edu'
  - '+.speed.ujs.edu'
  - '+.speed2.hinet.net'
  - '+.speed5.ntu.edu.tw'
  - '+.speed6.ujs.edu'
  - '+.speedcheck.org'
  - '+.speedgeo.net'
  - '+.speedof.me'
  - '+.speedtest.cesnet.cz'
  - '+.speedtest.ch'
  - '+.speedtest.citylink.pro'
  - '+.speedtest.co'
  - '+.speedtest.co.za'
  - '+.speedtest.de'
  - '+.speedtest.dno-it.ru'
  - '+.speedtest.frontier.com'
  - '+.speedtest.im'
  - '+.speedtest.mail.ru'
  - '+.speedtest.mfcyun.com'
  - '+.speedtest.net'
  - '+.speedtest.net.in'
  - '+.speedtest.net.ua'
  - '+.speedtest.net.uk'
  - '+.speedtest.org'
  - '+.speedtest.rt.ru'
  - '+.speedtest.ru'
  - '+.speedtest.shaw.ca'
  - '+.speedtest.shu.edu'
  - '+.speedtest.su'
  - '+.speedtest.uz'
  - '+.speedtest.volia.com'
  - '+.speedtest.xaut.edu'
  - '+.speedtest.xfinity.com'
  - '+.speedtest.xyz'
  - '+.speedtest24.ru'
  - '+.speedtest6.shu.edu'
  - '+.speedtestcustom.com'
  - '+.spur.us'
  - '+.sxgeo.city'
  - '+.sypexgeo.net'
  - '+.telega.info'
  - '+.telega.me'
  - '+.test.nju.edu'
  - '+.test.ustc.edu'
  - '+.test6.nju.edu'
  - '+.test6.ustc.edu'
  - '+.testmy.net'
  - '+.testmyspeed.com'
  - '+.testskorosti.ru'
  - '+.tnx.nl'
  - '+.tracemyip.org'
  - '+.trustmyip.com'
  - '+.webtest.net'
  - '+.wgetip.com'
  - '+.whatismyip.akamai.com'
  - '+.whatismyip.com'
  - '+.whatismyip.net'
  - '+.whatismyip.org'
  - '+.whatismyipaddress.com'
  - '+.whatismyipaddress.net'
  - '+.whatismyisp.com'
  - '+.whatismyv6.com'
  - '+.whatsmyip.com'
  - '+.whatsmyip.org'
  - '+.where-am-i.co'
  - '+.whoer.net'
  - '+.whoerip.com'
  - '+.whois.pconline.com'
  - '+.whoisxmlapi.com'
  - '+.wieistmeineip.de'
  - '+.wtfismyip.com'
  - '+.www.iplocate.io'
  - '+.www.speedtest.net.cdn.cloudflare.net'
  - '+.xnfz.seu.edu'
