payload:
  - '+.1l-hit.mail.ru'
  - '+.1l-hit.vkplay.ru'
  - '+.2ip.io'
  - '+.2ip.ru'
  - '+.2ip.ua'
  - '+.51degrees.com'
  - '+.abstractapi.com'
  - '+.ad-channel.diwodiwo.xyz'
  - '+.ad-display.diwodiwo.xyz'
  - '+.ad.ozone.ru'
  - '+.ad4.mail.ru'
  - '+.adblogger.vk.com'
  - '+.adblogger.vk.ru'
  - '+.adeventtracker.spotify.com'
  - '+.adfstat.yandex.ru'
  - '+.ads-gate.wildberries.ru'
  - '+.ads-integration.rustore.ru'
  - '+.ads-media.wildberries.ru'
  - '+.ads.dahlmessenger.com'
  - '+.ads.icq.com'
  - '+.ads.rustore.ru'
  - '+.ads.vk.com'
  - '+.ads.vk.ru'
  - '+.ads.wildberries.ru'
  - '+.ads.x5.ru'
  - '+.ads.x5media.ru'
  - '+.ads.yandex.com'
  - '+.ads.yango.com'
  - '+.ads3-normal-hl.zijieapi.com'
  - '+.ads3-normal.zijieapi.com'
  - '+.ads5-normal-hl.zijieapi.com'
  - '+.ads5-normal.zijieapi.com'
  - '+.adsapp.dahlmessenger.com'
  - '+.adsapp.stage.telega.info'
  - '+.adsapp.telega.info'
  - '+.adsdk.yandex.ru'
  - '+.adstudio-assets.scdn.co'
  - '+.adv.ozon.ru'
  - '+.adv.rustore.ru'
  - '+.adv.vk.ru'
  - '+.advert-api-sandbox.wb.ru'
  - '+.advert-api-sandbox.wildberries.ru'
  - '+.advert-api.wb.ru'
  - '+.advert-api.wildberries.ru'
  - '+.advert-media-api.wb.ru'
  - '+.advert-media-api.wildberries.ru'
  - '+.advk.vk.ru'
  - '+.agency-adv.ozon.ru'
  - '+.alt-r.my.com'
  - '+.amc.yandex.ru'
  - '+.an.mail.ru'
  - '+.analytics-adv.ozon.ru'
  - '+.analytics-stage.wildberries.ru'
  - '+.analytics.google.com'
  - '+.analytics.mobile.yandex.net'
  - '+.analytics.vk.ru'
  - '+.analytics.wildberries.ru'
  - '+.api-eu.carrotquest.app'
  - '+.api-eu.carrotquest.io'
  - '+.api-ipv4.ip.sb'
  - '+.api-ipv6.ip.sb'
  - '+.api-js.mindbox.ru'
  - '+.api-ru.carrotquest.app'
  - '+.api-ru.carrotquest.io'
  - '+.api-ru.mindbox.cloud'
  - '+.api-secure.carrotquest.app'
  - '+.api-secure.carrottrack.app'
  - '+.api-staging.mindbox.ru'
  - '+.api.beacondb.net'
  - '+.api.carrotquest.app'
  - '+.api.carrotquest.io'
  - '+.api.carrottrack.app'
  - '+.api.dashly.app'
  - '+.api.dashlytrack.app'
  - '+.api.ipapi.is'
  - '+.api.ipify.org'
  - '+.api.mindbox.cloud'
  - '+.api.mindbox.ru'
  - '+.apiip.net'
  - '+.apilog-web.acfun'
  - '+.apivoid.com'
  - '+.b2.mail.ru'
  - '+.beginners-adv.ozon.ru'
  - '+.bigdatacloud.net'
  - '+.bloodhound.spotify.com'
  - '+.browser-intake-datadoghq.com'
  - '+.bs.mail.ru'
  - '+.cdnst.net'
  - '+.cellmaps.com'
  - '+.check-host.net'
  - '+.checkip.amazonaws.com'
  - '+.checkip.dyn.com'
  - '+.checkip.dyndns.org'
  - '+.checkip.org'
  - '+.checkip.ru'
  - '+.clck.yandex.com'
  - '+.clck.yandex.net'
  - '+.clck.yango.com'
  - '+.click.rustore.ru'
  - '+.copilot-telemetry-service.githubusercontent.com'
  - '+.copilot-telemetry.githubusercontent.com'
  - '+.country.is'
  - '+.curlmyip.net'
  - '+.dadata.ru'
  - '+.db-ip.com'
  - '+.disney.my.sentry.io'
  - '+.ekahau.cloud'
  - '+.ekahau.com'
  - '+.error-tracking.megamarket.tech'
  - '+.extreme-ip-lookup.com'
  - '+.fast.com'
  - '+.fastspeedtest.com'
  - '+.find-my-ip.com'
  - '+.find-my-ip.net'
  - '+.findip.net'
  - '+.flagfox.net'
  - '+.fraudguard.io'
  - '+.fraudlogix.com'
  - '+.freegeoip.app'
  - '+.freeipapi.com'
  - '+.geodatatool.com'
  - '+.geoip.noc.gov.ru'
  - '+.geojs.io'
  - '+.geolocation-db.com'
  - '+.geoplugin.com'
  - '+.geoplugin.net'
  - '+.getipintel.net'
  - '+.google-analytics-suite.ozon.ru'
  - '+.greip.io'
  - '+.hackertarget.com'
  - '+.hk-global-bgp.hkg.speedtest.yecaoyun.com'
  - '+.httpbin.org'
  - '+.icanhazip.com'
  - '+.ident.me'
  - '+.ifconfig.co'
  - '+.ifconfig.es'
  - '+.ifconfig.io'
  - '+.ifconfig.me'
  - '+.informer.yandex.ru'
  - '+.ip-adress.com'
  - '+.ip-api.com'
  - '+.ip-api.io'
  - '+.ip-api.ru'
  - '+.ip-check.info'
  - '+.ip-score.com'
  - '+.ip.comss.net'
  - '+.ip.hetzner.com'
  - '+.ip.mail.ru'
  - '+.ip.me'
  - '+.ip.nic.ru'
  - '+.ip.pe.kr'
  - '+.ip.sb'
  - '+.ip.tyk.nu'
  - '+.ip2c.org'
  - '+.ip2location.com'
  - '+.ip2location.io'
  - '+.ip2ruscity.com'
  - '+.ip4.me'
  - '+.ip6.me'
  - '+.ip6only.me'
  - '+.ip8.com'
  - '+.ipaddr.site'
  - '+.ipaddress.com'
  - '+.ipaddress.my'
  - '+.ipaddress.sh'
  - '+.ipapi.co'
  - '+.ipapi.com'
  - '+.ipapi.is'
  - '+.ipbase.com'
  - '+.ipcalf.com'
  - '+.ipchicken.com'
  - '+.ipdata.co'
  - '+.ipecho.net'
  - '+.ipfind.io'
  - '+.ipfinder.io'
  - '+.ipgeo.vercel.app'
  - '+.ipgeolocation.io'
  - '+.ipify.org'
  - '+.ipinfo.io'
  - '+.ipip.net'
  - '+.iplark.com'
  - '+.ipleak.net'
  - '+.ipligence.com'
  - '+.iplocate.io'
  - '+.iplocation.com'
  - '+.iplocation.io'
  - '+.iplocation.net'
  - '+.ipqualityscore.com'
  - '+.ipquery.io'
  - '+.ipregistry.co'
  - '+.iproyal.com'
  - '+.ipstack.com'
  - '+.ipv4-internet.yandex.net'
  - '+.ipv4.ifconfig.me'
  - '+.ipv6-internet.yandex.net'
  - '+.ipv6.ifconfig.me'
  - '+.ipverify.com'
  - '+.ipwho.is'
  - '+.ipwhois.io'
  - '+.ipxapi.com'
  - '+.l2.io'
  - '+.linkmeter.net'
  - '+.log-sdk.gifshow.com'
  - '+.log3-applog-hl.fqnovel.com'
  - '+.log3-applog.fqnovel.com'
  - '+.log5-applog-hl.fqnovel.com'
  - '+.log5-applog.fqnovel.com'
  - '+.loyalnost-adv.ozon.ru'
  - '+.marketing-info.wildberries.ru'
  - '+.marketplace-sentry.wb.ru'
  - '+.maxmind.com'
  - '+.mc.yandex.com'
  - '+.mc.yandex.net'
  - '+.mc.yango.com'
  - '+.measurementlab.net'
  - '+.meter.net'
  - '+.metrics.21-school.ru'
  - '+.metrika.kontur.ru'
  - '+.mon-ip.com'
  - '+.monip.org'
  - '+.my-ip.io'
  - '+.my.ipinfo.app'
  - '+.myexternalip.com'
  - '+.myip.com'
  - '+.myip.expert'
  - '+.myip.la'
  - '+.myip.ms'
  - '+.myip.ru'
  - '+.myip.wtf'
  - '+.myipaddress.com'
  - '+.myiplookup.com'
  - '+.mylocation.org'
  - '+.new-adv.ozon.ru'
  - '+.nodedata.io'
  - '+.nperf.com'
  - '+.o33249.ingest.sentry.io'
  - '+.o4504926511693824.ingest.sentry.io'
  - '+.ookla.com'
  - '+.ooklaserver.net'
  - '+.open.cachefly.net'
  - '+.openspeedtest.com'
  - '+.openspeedtest.ru'
  - '+.osint.sh'
  - '+.p3-ad-sign.byteimg.com'
  - '+.p6-ad-sign.byteimg.com'
  - '+.p9-ad-sign.byteimg.com'
  - '+.pinggai0.caixin.com'
  - '+.pinggai1.caixin.com'
  - '+.pinggai2.caixin.com'
  - '+.pinggai3.caixin.com'
  - '+.pinggai4.caixin.com'
  - '+.pinggai5.caixin.com'
  - '+.pinggai6.caixin.com'
  - '+.pinggai7.caixin.com'
  - '+.pinggai8.caixin.com'
  - '+.pinggai9.caixin.com'
  - '+.pingtest.net'
  - '+.pixel.rustore.ru'
  - '+.pixel.yandex.com'
  - '+.prodvizhenie-adv.ozon.ru'
  - '+.proxycheck.io'
  - '+.questions-adv.ozon.ru'
  - '+.r0.mail.ru'
  - '+.r0.mradx.net'
  - '+.r1.mail.ru'
  - '+.realip.cc'
  - '+.reklama.mail.ru'
  - '+.report.ap.yandex-net.ru'
  - '+.rs.mail.ru'
  - '+.rtlog3-applog-hl.fqnovel.com'
  - '+.rtlog3-applog.fqnovel.com'
  - '+.rtlog5-applog-hl.fqnovel.com'
  - '+.rtlog5-applog.fqnovel.com'
  - '+.seeip.org'
  - '+.sentry-ng.g.smailru.net'
  - '+.sentry.dev-my.com'
  - '+.sentry.dev-my.games'
  - '+.sentry.hetzner.company'
  - '+.sentry.iptv.rt.ru'
  - '+.sentry.kontur.host'
  - '+.sentry.mindbox.ru'
  - '+.sentry.ozon.ru'
  - '+.sentry.popmechanic.ru'
  - '+.sentry.rustore.ru'
  - '+.sentry.sberauto.com'
  - '+.sentry.viqeo.tv'
  - '+.sentry.wb.ru'
  - '+.sentry.x5.ru'
  - '+.showip.net'
  - '+.showmyip.com'
  - '+.showmyipaddress.com'
  - '+.speed.cloudflare.com'
  - '+.speed.dler.io'
  - '+.speed.ee'
  - '+.speed.hinet.net'
  - '+.speed.nccu.edu.tw'
  - '+.speed.neu6.edu'
  - '+.speed.nju.edu'
  - '+.speed.nuaa.edu'
  - '+.speed.qlu.edu'
  - '+.speed.ujs.edu'
  - '+.speed2.hinet.net'
  - '+.speed5.ntu.edu.tw'
  - '+.speed6.ujs.edu'
  - '+.speedcheck.org'
  - '+.speedgeo.net'
  - '+.speedof.me'
  - '+.speedtest.cesnet.cz'
  - '+.speedtest.ch'
  - '+.speedtest.citylink.pro'
  - '+.speedtest.co'
  - '+.speedtest.co.za'
  - '+.speedtest.de'
  - '+.speedtest.dno-it.ru'
  - '+.speedtest.frontier.com'
  - '+.speedtest.im'
  - '+.speedtest.mail.ru'
  - '+.speedtest.mfcyun.com'
  - '+.speedtest.net'
  - '+.speedtest.net.in'
  - '+.speedtest.net.ua'
  - '+.speedtest.net.uk'
  - '+.speedtest.org'
  - '+.speedtest.rt.ru'
  - '+.speedtest.ru'
  - '+.speedtest.shaw.ca'
  - '+.speedtest.shu.edu'
  - '+.speedtest.su'
  - '+.speedtest.uz'
  - '+.speedtest.volia.com'
  - '+.speedtest.xaut.edu'
  - '+.speedtest.xfinity.com'
  - '+.speedtest.xyz'
  - '+.speedtest24.ru'
  - '+.speedtest6.shu.edu'
  - '+.speedtestcustom.com'
  - '+.spur.us'
  - '+.srch-telemeter10.g.smailru.net'
  - '+.stacks.vk-portal.net'
  - '+.stats.dahlmessenger.com'
  - '+.stats.dev.telega.info'
  - '+.stats.rustore.ru'
  - '+.stats.telega.info'
  - '+.stats.vk-portal.net'
  - '+.sxgeo.city'
  - '+.sypexgeo.net'
  - '+.t.mail.ru'
  - '+.target.vk.com'
  - '+.telega.info'
  - '+.telega.me'
  - '+.test.nju.edu'
  - '+.test.ustc.edu'
  - '+.test6.nju.edu'
  - '+.test6.ustc.edu'
  - '+.testmy.net'
  - '+.testmyspeed.com'
  - '+.testskorosti.ru'
  - '+.tnx.nl'
  - '+.top-staging.mail.ru'
  - '+.tracemyip.org'
  - '+.tracing-http.megamarket.tech'
  - '+.trustmyip.com'
  - '+.visor.sberbank.ru'
  - '+.web-analytics.wildberries.ru'
  - '+.webtest.net'
  - '+.wgetip.com'
  - '+.whatismyip.akamai.com'
  - '+.whatismyip.com'
  - '+.whatismyip.net'
  - '+.whatismyip.org'
  - '+.whatismyipaddress.com'
  - '+.whatismyipaddress.net'
  - '+.whatismyisp.com'
  - '+.whatismyv6.com'
  - '+.whatsmyip.com'
  - '+.whatsmyip.org'
  - '+.where-am-i.co'
  - '+.whiteline.mail.ru'
  - '+.whoer.net'
  - '+.whoerip.com'
  - '+.whois.pconline.com'
  - '+.whoisxmlapi.com'
  - '+.wieistmeineip.de'
  - '+.wlog.kuaishou.com'
  - '+.wtfismyip.com'
  - '+.www.iplocate.io'
  - '+.www.speedtest.net.cdn.cloudflare.net'
  - '+.xapi.ozon.by'
  - '+.xapi.ozon.com'
  - '+.xapi.ozon.com.by'
  - '+.xapi.ozon.com.kz'
  - '+.xapi.ozon.kz'
  - '+.xapi.ozon.ru'
  - '+.xapi.ozonru.me'
  - '+.xnfz.seu.edu'
  - '+.xray.mail.ru'
