payload:
  - '+.1l-hit.mail.ru'
  - '+.1l-hit.vkplay.ru'
  - '+.ad-channel.diwodiwo.xyz'
  - '+.ad-display.diwodiwo.xyz'
  - '+.ad.ozone.ru'
  - '+.ad4.mail.ru'
  - '+.adblogger.vk.com'
  - '+.adblogger.vk.ru'
  - '+.adeventtracker.spotify.com'
  - '+.adfstat.yandex.ru'
  - '+.ads-gate.wildberries.ru'
  - '+.ads-img.mozilla.org'
  - '+.ads-integration.rustore.ru'
  - '+.ads-media.wildberries.ru'
  - '+.ads.dahlmessenger.com'
  - '+.ads.icq.com'
  - '+.ads.mozilla.org'
  - '+.ads.rustore.ru'
  - '+.ads.vk.com'
  - '+.ads.vk.ru'
  - '+.ads.wildberries.ru'
  - '+.ads.x5.ru'
  - '+.ads.x5media.ru'
  - '+.ads.yandex.com'
  - '+.ads.yango.com'
  - '+.ads3-normal-hl.zijieapi.com'
  - '+.ads3-normal.zijieapi.com'
  - '+.ads5-normal-hl.zijieapi.com'
  - '+.ads5-normal.zijieapi.com'
  - '+.adsapp.dahlmessenger.com'
  - '+.adsapp.stage.telega.info'
  - '+.adsapp.telega.info'
  - '+.adsdk.yandex.ru'
  - '+.adstudio-assets.scdn.co'
  - '+.adv.ozon.ru'
  - '+.adv.rustore.ru'
  - '+.adv.vk.ru'
  - '+.advert-api-sandbox.wb.ru'
  - '+.advert-api-sandbox.wildberries.ru'
  - '+.advert-api.wb.ru'
  - '+.advert-api.wildberries.ru'
  - '+.advert-media-api.wb.ru'
  - '+.advert-media-api.wildberries.ru'
  - '+.advk.vk.ru'
  - '+.agency-adv.ozon.ru'
  - '+.alt-r.my.com'
  - '+.amc.yandex.ru'
  - '+.an.mail.ru'
  - '+.analytics-adv.ozon.ru'
  - '+.analytics-stage.wildberries.ru'
  - '+.analytics.google.com'
  - '+.analytics.mobile.yandex.net'
  - '+.analytics.vk.ru'
  - '+.analytics.wildberries.ru'
  - '+.api-eu.carrotquest.app'
  - '+.api-eu.carrotquest.io'
  - '+.api-js.mindbox.ru'
  - '+.api-ru.carrotquest.app'
  - '+.api-ru.carrotquest.io'
  - '+.api-ru.mindbox.cloud'
  - '+.api-secure.carrotquest.app'
  - '+.api-secure.carrottrack.app'
  - '+.api-staging.mindbox.ru'
  - '+.api.carrotquest.app'
  - '+.api.carrotquest.io'
  - '+.api.carrottrack.app'
  - '+.api.dashly.app'
  - '+.api.dashlytrack.app'
  - '+.api.mindbox.cloud'
  - '+.api.mindbox.ru'
  - '+.apilog-web.acfun'
  - '+.b2.mail.ru'
  - '+.beginners-adv.ozon.ru'
  - '+.bloodhound.spotify.com'
  - '+.browser-intake-datadoghq.com'
  - '+.browser.yandex.com'
  - '+.browser.yandex.ru'
  - '+.browserweb.s3.yandex.net'
  - '+.bs.mail.ru'
  - '+.cdnst.net'
  - '+.cellmaps.com'
  - '+.clck.yandex.com'
  - '+.clck.yandex.net'
  - '+.clck.yango.com'
  - '+.click.rustore.ru'
  - '+.copilot-telemetry-service.githubusercontent.com'
  - '+.copilot-telemetry.githubusercontent.com'
  - '+.disney.my.sentry.io'
  - '+.download-paranja.yandex.net'
  - '+.ekahau.cloud'
  - '+.ekahau.com'
  - '+.error-tracking.megamarket.tech'
  - '+.fast.com'
  - '+.fastspeedtest.com'
  - '+.google-analytics-suite.ozon.ru'
  - '+.hk-global-bgp.hkg.speedtest.yecaoyun.com'
  - '+.incoming-telemetry.thunderbird.net'
  - '+.incoming.telemetry.mozilla.org'
  - '+.informer.yandex.ru'
  - '+.linkmeter.net'
  - '+.log-sdk.gifshow.com'
  - '+.log.strm.yandex.ru'
  - '+.log3-applog-hl.fqnovel.com'
  - '+.log3-applog.fqnovel.com'
  - '+.log5-applog-hl.fqnovel.com'
  - '+.log5-applog.fqnovel.com'
  - '+.logs.ads.vungle.com'
  - '+.loyalnost-adv.ozon.ru'
  - '+.marketing-info.wildberries.ru'
  - '+.marketplace-sentry.wb.ru'
  - '+.mc.yandex.com'
  - '+.mc.yandex.net'
  - '+.mc.yango.com'
  - '+.measurementlab.net'
  - '+.meter.net'
  - '+.metrics.21-school.ru'
  - '+.metrika.kontur.ru'
  - '+.new-adv.ozon.ru'
  - '+.nperf.com'
  - '+.o33249.ingest.sentry.io'
  - '+.o4504926511693824.ingest.sentry.io'
  - '+.ookla.com'
  - '+.ooklaserver.net'
  - '+.open.cachefly.net'
  - '+.openspeedtest.com'
  - '+.openspeedtest.ru'
  - '+.p3-ad-sign.byteimg.com'
  - '+.p6-ad-sign.byteimg.com'
  - '+.p9-ad-sign.byteimg.com'
  - '+.pinggai0.caixin.com'
  - '+.pinggai1.caixin.com'
  - '+.pinggai2.caixin.com'
  - '+.pinggai3.caixin.com'
  - '+.pinggai4.caixin.com'
  - '+.pinggai5.caixin.com'
  - '+.pinggai6.caixin.com'
  - '+.pinggai7.caixin.com'
  - '+.pinggai8.caixin.com'
  - '+.pinggai9.caixin.com'
  - '+.pingtest.net'
  - '+.pixel.rustore.ru'
  - '+.pixel.yandex.com'
  - '+.prodvizhenie-adv.ozon.ru'
  - '+.questions-adv.ozon.ru'
  - '+.r0.mail.ru'
  - '+.r0.mradx.net'
  - '+.r1.mail.ru'
  - '+.reklama.mail.ru'
  - '+.report.ap.yandex-net.ru'
  - '+.rs.mail.ru'
  - '+.rtlog3-applog-hl.fqnovel.com'
  - '+.rtlog3-applog.fqnovel.com'
  - '+.rtlog5-applog-hl.fqnovel.com'
  - '+.rtlog5-applog.fqnovel.com'
  - '+.sentry-ng.g.smailru.net'
  - '+.sentry.dev-my.com'
  - '+.sentry.dev-my.games'
  - '+.sentry.hetzner.company'
  - '+.sentry.iptv.rt.ru'
  - '+.sentry.kontur.host'
  - '+.sentry.mindbox.ru'
  - '+.sentry.ozon.ru'
  - '+.sentry.popmechanic.ru'
  - '+.sentry.rustore.ru'
  - '+.sentry.sberauto.com'
  - '+.sentry.viqeo.tv'
  - '+.sentry.wb.ru'
  - '+.sentry.x5.ru'
  - '+.speed.cloudflare.com'
  - '+.speed.dler.io'
  - '+.speed.ee'
  - '+.speed.hinet.net'
  - '+.speed.nccu.edu.tw'
  - '+.speed.neu6.edu'
  - '+.speed.nju.edu'
  - '+.speed.nuaa.edu'
  - '+.speed.qlu.edu'
  - '+.speed.ujs.edu'
  - '+.speed2.hinet.net'
  - '+.speed5.ntu.edu.tw'
  - '+.speed6.ujs.edu'
  - '+.speedcheck.org'
  - '+.speedgeo.net'
  - '+.speedof.me'
  - '+.speedtest.cesnet.cz'
  - '+.speedtest.ch'
  - '+.speedtest.citylink.pro'
  - '+.speedtest.co'
  - '+.speedtest.co.za'
  - '+.speedtest.de'
  - '+.speedtest.dno-it.ru'
  - '+.speedtest.frontier.com'
  - '+.speedtest.im'
  - '+.speedtest.mail.ru'
  - '+.speedtest.mfcyun.com'
  - '+.speedtest.net'
  - '+.speedtest.net.in'
  - '+.speedtest.net.ua'
  - '+.speedtest.net.uk'
  - '+.speedtest.org'
  - '+.speedtest.rt.ru'
  - '+.speedtest.ru'
  - '+.speedtest.shaw.ca'
  - '+.speedtest.shu.edu'
  - '+.speedtest.su'
  - '+.speedtest.uz'
  - '+.speedtest.volia.com'
  - '+.speedtest.xaut.edu'
  - '+.speedtest.xfinity.com'
  - '+.speedtest.xyz'
  - '+.speedtest24.ru'
  - '+.speedtest6.shu.edu'
  - '+.speedtestcustom.com'
  - '+.srch-telemeter10.g.smailru.net'
  - '+.stacks.vk-portal.net'
  - '+.stats.avito.ru'
  - '+.stats.dahlmessenger.com'
  - '+.stats.dev.telega.info'
  - '+.stats.rustore.ru'
  - '+.stats.telega.info'
  - '+.stats.vk-portal.net'
  - '+.t.mail.ru'
  - '+.target.vk.com'
  - '+.telega.info'
  - '+.telega.me'
  - '+.test.nju.edu'
  - '+.test.ustc.edu'
  - '+.test6.nju.edu'
  - '+.test6.ustc.edu'
  - '+.testmy.net'
  - '+.testmyspeed.com'
  - '+.testskorosti.ru'
  - '+.top-staging.mail.ru'
  - '+.tracing-http.megamarket.tech'
  - '+.visor.sberbank.ru'
  - '+.web-analytics.wildberries.ru'
  - '+.webtest.net'
  - '+.whiteline.mail.ru'
  - '+.wlog.kuaishou.com'
  - '+.www.speedtest.net.cdn.cloudflare.net'
  - '+.xapi.ozon.by'
  - '+.xapi.ozon.com'
  - '+.xapi.ozon.com.by'
  - '+.xapi.ozon.com.kz'
  - '+.xapi.ozon.kz'
  - '+.xapi.ozon.ru'
  - '+.xapi.ozonru.me'
  - '+.xnfz.seu.edu'
  - '+.xray.mail.ru'
  - '+.download-paranja.yandex.net'
  - '+.browserweb.s3.yandex.net'
  - '+.browser.yandex.ru'
  - '+.browser.yandex.com'
